github.com/Templarian/MaterialDesign-SVG v7.4.47+incompatible h1:w99yYrLvkTj5A9Dxd8mzNoFQpOBx9aRS03RrrqjzLuw=
github.com/Templarian/MaterialDesign-SVG v7.4.47+incompatible/go.mod h1:SRSiaLOZazGp4UpKPQRm37h4A3cKLHXaybAqaJ7Lfx8=
github.com/hugomods/font-awesome v6.7.1+incompatible h1:eM2vtHyQJVMnD9tgdGFbEgEiPh3sqnmu3EP3CFTyPLY=
github.com/hugomods/font-awesome v6.7.1+incompatible/go.mod h1:C2wW6xDvHkcMlJMVTPQ+Npt+rO0OGv13xT1iyll2z2Q=
github.com/hugomods/icons v0.6.5 h1:vuaBlVO/MTsQNir4JWvPazjmtMMWG55Lif6VHCmd7KI=
github.com/hugomods/icons v0.6.5/go.mod h1:cIkSvK6W0q6N4U6n9KGz+QfRWQXAW0INd+1P31gPNGg=
github.com/hugomods/icons v0.6.6 h1:gGlafcBDRP7sSID+tgLcWdog+s/QBj8DIfU+h9tZj1U=
github.com/hugomods/icons v0.6.6/go.mod h1:cIkSvK6W0q6N4U6n9KGz+QfRWQXAW0INd+1P31gPNGg=
github.com/hugomods/icons/vendors/bootstrap v0.5.8 h1:6M+G4F58pt3GkiGFeCDjKonExVV8PbBAVhDS8YQT7oY=
github.com/hugomods/icons/vendors/bootstrap v0.5.8/go.mod h1:jla3IbQAByyz45AikUAw/c7h0wUMUn5Z2j4gh+zVDj4=
github.com/hugomods/icons/vendors/bootstrap v0.5.9 h1:IlKsW1iybTNZLYnMipyc2d9w51rUtu89lPMkocGaP6c=
github.com/hugomods/icons/vendors/bootstrap v0.5.9/go.mod h1:DuB5N1o3GCUyvYFnEeBvJRBrCHqbMWEbjoEWVLULggw=
github.com/hugomods/icons/vendors/font-awesome v0.6.9 h1:ZpnyXeCOa9n7NBVURSRIZuGZykz80udHT8yxM+RE6NQ=
github.com/hugomods/icons/vendors/font-awesome v0.6.9/go.mod h1:YPxdyI0WHuZfvwNeG8ADHXwnWmWIuu3PqiYGz8q9Skw=
github.com/hugomods/icons/vendors/font-awesome v0.6.12 h1:I8ckJFuxr8mD8bJ4NX9NrmnHd3f6XvITuD2ME8a9wXc=
github.com/hugomods/icons/vendors/font-awesome v0.6.12/go.mod h1:6YBo/5GaNpAocKwnKNWcd9xkliiRJXmwz2mstY5lr9I=
github.com/hugomods/icons/vendors/mdi v0.3.7 h1:YUU61C3a0wUa0PejKc6fl+WntDjC/kqyqK4Io5Xkhww=
github.com/hugomods/icons/vendors/mdi v0.3.7/go.mod h1:uTiqmqmEmUe3wpVPpaKhAWSu5zunmBON1D2tgOyZWQs=
github.com/hugomods/icons/vendors/mdi v0.3.8 h1:Tw4DooGpAHK2Lk+r6UnuWC/NesGPdR0x0U1Ullu2Og8=
github.com/hugomods/icons/vendors/mdi v0.3.8/go.mod h1:UzARXfBJorEKYC9o+Ap6rsKSiI+UFkNWJjKn+DR2tpA=
github.com/hugomods/shortcodes v0.23.0 h1:ZB7bY7vvx917IkXg+ab08QD5H4biKzAsLKDMrWeoziI=
github.com/hugomods/shortcodes v0.23.0/go.mod h1:EnVopbZMNI/HeteM3Lp3phBTCRLvPSe7l142qhRFFPY=
github.com/hugomods/shortcodes v0.25.0 h1:CSi9ImvbY6YGAGSLIO0HkUXMYuohRnnbxhXpUmy0qfE=
github.com/hugomods/shortcodes v0.25.0/go.mod h1:EnVopbZMNI/HeteM3Lp3phBTCRLvPSe7l142qhRFFPY=
github.com/jpanther/congo/v2 v2.9.0 h1:mq1U8Zqw/F+9dk+AgH7W6Wl2M4LLiRP4v/BCTx4c01Y=
github.com/jpanther/congo/v2 v2.9.0/go.mod h1:1S7DRoO1ZYS4YUdFd1LjTkdyjQwsjFWd8TqSfz3Jd+M=
github.com/jpanther/congo/v2 v2.11.0 h1:whwuUIn20egAPfMR3HaFu7sW7/rz096bz26sgpsUAwk=
github.com/jpanther/congo/v2 v2.11.0/go.mod h1:1S7DRoO1ZYS4YUdFd1LjTkdyjQwsjFWd8TqSfz3Jd+M=
github.com/twbs/icons v1.11.3 h1:XhvrQ1XDom9ggBbQx3wQCFGEr8qAQwQP/dAcw8OXMtA=
github.com/twbs/icons v1.11.3/go.mod h1:GnRlymgVWp5iVJCMa0Me5b6tFyGpVc2bSxPMRGIJmyA=
